
Microsoft Visual Studio Solution File, Format Version 12.00
# Visual Studio Version 16
VisualStudioVersion = 16.0.32901.82
MinimumVisualStudioVersion = 10.0.40219.1
Project("{FAE04EC0-301F-11D3-BF4B-00C04F79EFBC}") = "quiz", "quiz\quiz.csproj", "{5D2CC92A-A99C-4614-AF9F-32990D37258A}"
EndProject
Global
	GlobalSection(SolutionConfigurationPlatforms) = preSolution
		Debug|Any CPU = Debug|Any CPU
		Release|Any CPU = Release|Any CPU
	EndGlobalSection
	GlobalSection(ProjectConfigurationPlatforms) = postSolution
		{5D2CC92A-A99C-4614-AF9F-32990D37258A}.Debug|Any CPU.ActiveCfg = Debug|Any CPU
		{5D2CC92A-A99C-4614-AF9F-32990D37258A}.Debug|Any CPU.Build.0 = Debug|Any CPU
		{5D2CC92A-A99C-4614-AF9F-32990D37258A}.Release|Any CPU.ActiveCfg = Release|Any CPU
		{5D2CC92A-A99C-4614-AF9F-32990D37258A}.Release|Any CPU.Build.0 = Release|Any CPU
	EndGlobalSection
	GlobalSection(SolutionProperties) = preSolution
		HideSolutionNode = FALSE
	EndGlobalSection
	GlobalSection(ExtensibilityGlobals) = postSolution
		SolutionGuid = {B9766D4D-543B-45F6-9E38-B375579B944C}
	EndGlobalSection
EndGlobal
